
Microsoft Visual Studio Solution File, Format Version 12.00
# Visual Studio Version 16
VisualStudioVersion = 16.0.31829.152
MinimumVisualStudioVersion = 10.0.40219.1
Project("{9A19103F-16F7-4668-BE54-9A1E7A4F7556}") = "PeliculasSeries", "PeliculasSeries.csproj", "{90899421-6D64-425A-B071-16A6705FE263}"
EndProject
Global
	GlobalSection(SolutionConfigurationPlatforms) = preSolution
		Debug|Any CPU = Debug|Any CPU
		Release|Any CPU = Release|Any CPU
	EndGlobalSection
	GlobalSection(ProjectConfigurationPlatforms) = postSolution
		{90899421-6D64-425A-B071-16A6705FE263}.Debug|Any CPU.ActiveCfg = Debug|Any CPU
		{90899421-6D64-425A-B071-16A6705FE263}.Debug|Any CPU.Build.0 = Debug|Any CPU
		{90899421-6D64-425A-B071-16A6705FE263}.Release|Any CPU.ActiveCfg = Release|Any CPU
		{90899421-6D64-425A-B071-16A6705FE263}.Release|Any CPU.Build.0 = Release|Any CPU
	EndGlobalSection
	GlobalSection(SolutionProperties) = preSolution
		HideSolutionNode = FALSE
	EndGlobalSection
	GlobalSection(ExtensibilityGlobals) = postSolution
		SolutionGuid = {0A08BB68-80EF-4092-A3F2-0B53B4ACBEE4}
	EndGlobalSection
EndGlobal
